// !$*UTF8*$!
{
	archiveVersion = 1;
	classes = {
	};
	objectVersion = 50;
	objects = {

/* Begin PBXBuildFile section */
		652C258422316634005D95C2 /* AppDelegate.swift in Sources */ = {isa = PBXBuildFile; fileRef = 652C258322316634005D95C2 /* AppDelegate.swift */; };
		652C258622316634005D95C2 /* ViewController.swift in Sources */ = {isa = PBXBuildFile; fileRef = 652C258522316634005D95C2 /* ViewController.swift */; };
		652C258922316634005D95C2 /* Main.storyboard in Resources */ = {isa = PBXBuildFile; fileRef = 652C258722316634005D95C2 /* Main.storyboard */; };
		652C258B22316635005D95C2 /* Assets.xcassets in Resources */ = {isa = PBXBuildFile; fileRef = 652C258A22316635005D95C2 /* Assets.xcassets */; };
		652C258E22316635005D95C2 /* LaunchScreen.storyboard in Resources */ = {isa = PBXBuildFile; fileRef = 652C258C22316635005D95C2 /* LaunchScreen.storyboard */; };
		652C259922316636005D95C2 /* CalculadoraTests.swift in Sources */ = {isa = PBXBuildFile; fileRef = 652C259822316636005D95C2 /* CalculadoraTests.swift */; };
		652C25A422316636005D95C2 /* CalculadoraUITests.swift in Sources */ = {isa = PBXBuildFile; fileRef = 652C25A322316636005D95C2 /* CalculadoraUITests.swift */; };
/* End PBXBuildFile section */

/* Begin PBXContainerItemProxy section */
		652C259522316636005D95C2 /* PBXContainerItemProxy */ = {
			isa = PBXContainerItemProxy;
			containerPortal = 652C257822316634005D95C2 /* Project object */;
			proxyType = 1;
			remoteGlobalIDString = 652C257F22316634005D95C2;
			remoteInfo = Calculadora;
		};
		652C25A022316636005D95C2 /* PBXContainerItemProxy */ = {
			isa = PBXContainerItemProxy;
			containerPortal = 652C257822316634005D95C2 /* Project object */;
			proxyType = 1;
			remoteGlobalIDString = 652C257F22316634005D95C2;
			remoteInfo = Calculadora;
		};
/* End PBXContainerItemProxy section */

/* Begin PBXFileReference section */
		652C258022316634005D95C2 /* Calculadora.app */ = {isa = PBXFileReference; explicitFileType = wrapper.application; includeInIndex = 0; path = Calculadora.app; sourceTree = BUILT_PRODUCTS_DIR; };
		652C258322316634005D95C2 /* AppDelegate.swift */ = {isa = PBXFileReference; lastKnownFileType = sourcecode.swift; path = AppDelegate.swift; sourceTree = "<group>"; };
		652C258522316634005D95C2 /* ViewController.swift */ = {isa = PBXFileReference; lastKnownFileType = sourcecode.swift; path = ViewController.swift; sourceTree = "<group>"; };
		652C258822316634005D95C2 /* Base */ = {isa = PBXFileReference; lastKnownFileType = file.storyboard; name = Base; path = Base.lproj/Main.storyboard; sourceTree = "<group>"; };
		652C258A22316635005D95C2 /* Assets.xcassets */ = {isa = PBXFileReference; lastKnownFileType = folder.assetcatalog; path = Assets.xcassets; sourceTree = "<group>"; };
		652C258D22316635005D95C2 /* Base */ = {isa = PBXFileReference; lastKnownFileType = file.storyboard; name = Base; path = Base.lproj/LaunchScreen.storyboard; sourceTree = "<group>"; };
		652C258F22316635005D95C2 /* Info.plist */ = {isa = PBXFileReference; lastKnownFileType = text.plist.xml; path = Info.plist; sourceTree = "<group>"; };
		652C259422316636005D95C2 /* CalculadoraTests.xctest */ = {isa = PBXFileReference; explicitFileType = wrapper.cfbundle; includeInIndex = 0; path = CalculadoraTests.xctest; sourceTree = BUILT_PRODUCTS_DIR; };
		652C259822316636005D95C2 /* CalculadoraTests.swift */ = {isa = PBXFileReference; lastKnownFileType = sourcecode.swift; path = CalculadoraTests.swift; sourceTree = "<group>"; };
		652C259A22316636005D95C2 /* Info.plist */ = {isa = PBXFileReference; lastKnownFileType = text.plist.xml; path = Info.plist; sourceTree = "<group>"; };
		652C259F22316636005D95C2 /* CalculadoraUITests.xctest */ = {isa = PBXFileReference; explicitFileType = wrapper.cfbundle; includeInIndex = 0; path = CalculadoraUITests.xctest; sourceTree = BUILT_PRODUCTS_DIR; };
		652C25A322316636005D95C2 /* CalculadoraUITests.swift */ = {isa = PBXFileReference; lastKnownFileType = sourcecode.swift; path = CalculadoraUITests.swift; sourceTree = "<group>"; };
		652C25A522316636005D95C2 /* Info.plist */ = {isa = PBXFileReference; lastKnownFileType = text.plist.xml; path = Info.plist; sourceTree = "<group>"; };
/* End PBXFileReference section */

/* Begin PBXFrameworksBuildPhase section */
		652C257D22316634005D95C2 /* Frameworks */ = {
			isa = PBXFrameworksBuildPhase;
			buildActionMask = 2147483647;
			files = (
			);
			runOnlyForDeploymentPostprocessing = 0;
		};
		652C259122316636005D95C2 /* Frameworks */ = {
			isa = PBXFrameworksBuildPhase;
			buildActionMask = 2147483647;
			files = (
			);
			runOnlyForDeploymentPostprocessing = 0;
		};
		652C259C22316636005D95C2 /* Frameworks */ = {
			isa = PBXFrameworksBuildPhase;
			buildActionMask = 2147483647;
			files = (
			);
			runOnlyForDeploymentPostprocessing = 0;
		};
/* End PBXFrameworksBuildPhase section */

/* Begin PBXGroup section */
		652C257722316634005D95C2 = {
			isa = PBXGroup;
			children = (
				652C258222316634005D95C2 /* Calculadora */,
				652C259722316636005D95C2 /* CalculadoraTests */,
				652C25A222316636005D95C2 /* CalculadoraUITests */,
				652C258122316634005D95C2 /* Products */,
			);
			sourceTree = "<group>";
		};
		652C258122316634005D95C2 /* Products */ = {
			isa = PBXGroup;
			children = (
				652C258022316634005D95C2 /* Calculadora.app */,
				652C259422316636005D95C2 /* CalculadoraTests.xctest */,
				652C259F22316636005D95C2 /* CalculadoraUITests.xctest */,
			);
			name = Products;
			sourceTree = "<group>";
		};
		652C258222316634005D95C2 /* Calculadora */ = {
			isa = PBXGroup;
			children = (
				652C258322316634005D95C2 /* AppDelegate.swift */,
				652C258522316634005D95C2 /* ViewController.swift */,
				652C258722316634005D95C2 /* Main.storyboard */,
				652C258A22316635005D95C2 /* Assets.xcassets */,
				652C258C22316635005D95C2 /* LaunchScreen.storyboard */,
				652C258F22316635005D95C2 /* Info.plist */,
			);
			path = Calculadora;
			sourceTree = "<group>";
		};
		652C259722316636005D95C2 /* CalculadoraTests */ = {
			isa = PBXGroup;
			children = (
				652C259822316636005D95C2 /* CalculadoraTests.swift */,
				652C259A22316636005D95C2 /* Info.plist */,
			);
			path = CalculadoraTests;
			sourceTree = "<group>";
		};
		652C25A222316636005D95C2 /* CalculadoraUITests */ = {
			isa = PBXGroup;
			children = (
				652C25A322316636005D95C2 /* CalculadoraUITests.swift */,
				652C25A522316636005D95C2 /* Info.plist */,
			);
			path = CalculadoraUITests;
			sourceTree = "<group>";
		};
/* End PBXGroup section */

/* Begin PBXNativeTarget section */
		652C257F22316634005D95C2 /* Calculadora */ = {
			isa = PBXNativeTarget;
			buildConfigurationList = 652C25A822316636005D95C2 /* Build configuration list for PBXNativeTarget "Calculadora" */;
			buildPhases = (
				652C257C22316634005D95C2 /* Sources */,
				652C257D22316634005D95C2 /* Frameworks */,
				652C257E22316634005D95C2 /* Resources */,
			);
			buildRules = (
			);
			dependencies = (
			);
			name = Calculadora;
			productName = Calculadora;
			productReference = 652C258022316634005D95C2 /* Calculadora.app */;
			productType = "com.apple.product-type.application";
		};
		652C259322316636005D95C2 /* CalculadoraTests */ = {
			isa = PBXNativeTarget;
			buildConfigurationList = 652C25AB22316636005D95C2 /* Build configuration list for PBXNativeTarget "CalculadoraTests" */;
			buildPhases = (
				652C259022316636005D95C2 /* Sources */,
				652C259122316636005D95C2 /* Frameworks */,
				652C259222316636005D95C2 /* Resources */,
			);
			buildRules = (
			);
			dependencies = (
				652C259622316636005D95C2 /* PBXTargetDependency */,
			);
			name = CalculadoraTests;
			productName = CalculadoraTests;
			productReference = 652C259422316636005D95C2 /* CalculadoraTests.xctest */;
			productType = "com.apple.product-type.bundle.unit-test";
		};
		652C259E22316636005D95C2 /* CalculadoraUITests */ = {
			isa = PBXNativeTarget;
			buildConfigurationList = 652C25AE22316636005D95C2 /* Build configuration list for PBXNativeTarget "CalculadoraUITests" */;
			buildPhases = (
				652C259B22316636005D95C2 /* Sources */,
				652C259C22316636005D95C2 /* Frameworks */,
				652C259D22316636005D95C2 /* Resources */,
			);
			buildRules = (
			);
			dependencies = (
				652C25A122316636005D95C2 /* PBXTargetDependency */,
			);
			name = CalculadoraUITests;
			productName = CalculadoraUITests;
			productReference = 652C259F22316636005D95C2 /* CalculadoraUITests.xctest */;
			productType = "com.apple.product-type.bundle.ui-testing";
		};
/* End PBXNativeTarget section */

/* Begin PBXProject section */
		652C257822316634005D95C2 /* Project object */ = {
			isa = PBXProject;
			attributes = {
				LastSwiftUpdateCheck = 1010;
				LastUpgradeCheck = 1010;
				ORGANIZATIONNAME = Andre;
				TargetAttributes = {
					652C257F22316634005D95C2 = {
						CreatedOnToolsVersion = 10.1;
					};
					652C259322316636005D95C2 = {
						CreatedOnToolsVersion = 10.1;
						TestTargetID = 652C257F22316634005D95C2;
					};
					652C259E22316636005D95C2 = {
						CreatedOnToolsVersion = 10.1;
						TestTargetID = 652C257F22316634005D95C2;
					};
				};
			};
			buildConfigurationList = 652C257B22316634005D95C2 /* Build configuration list for PBXProject "Calculadora" */;
			compatibilityVersion = "Xcode 9.3";
			developmentRegion = en;
			hasScannedForEncodings = 0;
			knownRegions = (
				en,
				Base,
			);
			mainGroup = 652C257722316634005D95C2;
			productRefGroup = 652C258122316634005D95C2 /* Products */;
			projectDirPath = "";
			projectRoot = "";
			targets = (
				652C257F22316634005D95C2 /* Calculadora */,
				652C259322316636005D95C2 /* CalculadoraTests */,
				652C259E22316636005D95C2 /* CalculadoraUITests */,
			);
		};
/* End PBXProject section */

/* Begin PBXResourcesBuildPhase section */
		652C257E22316634005D95C2 /* Resources */ = {
			isa = PBXResourcesBuildPhase;
			buildActionMask = 2147483647;
			files = (
				652C258E22316635005D95C2 /* LaunchScreen.storyboard in Resources */,
				652C258B22316635005D95C2 /* Assets.xcassets in Resources */,
				652C258922316634005D95C2 /* Main.storyboard in Resources */,
			);
			runOnlyForDeploymentPostprocessing = 0;
		};
		652C259222316636005D95C2 /* Resources */ = {
			isa = PBXResourcesBuildPhase;
			buildActionMask = 2147483647;
			files = (
			);
			runOnlyForDeploymentPostprocessing = 0;
		};
		652C259D22316636005D95C2 /* Resources */ = {
			isa = PBXResourcesBuildPhase;
			buildActionMask = 2147483647;
			files = (
			);
			runOnlyForDeploymentPostprocessing = 0;
		};
/* End PBXResourcesBuildPhase section */

/* Begin PBXSourcesBuildPhase section */
		652C257C22316634005D95C2 /* Sources */ = {
			isa = PBXSourcesBuildPhase;
			buildActionMask = 2147483647;
			files = (
				652C258622316634005D95C2 /* ViewController.swift in Sources */,
				652C258422316634005D95C2 /* AppDelegate.swift in Sources */,
			);
			runOnlyForDeploymentPostprocessing = 0;
		};
		652C259022316636005D95C2 /* Sources */ = {
			isa = PBXSourcesBuildPhase;
			buildActionMask = 2147483647;
			files = (
				652C259922316636005D95C2 /* CalculadoraTests.swift in Sources */,
			);
			runOnlyForDeploymentPostprocessing = 0;
		};
		652C259B22316636005D95C2 /* Sources */ = {
			isa = PBXSourcesBuildPhase;
			buildActionMask = 2147483647;
			files = (
				652C25A422316636005D95C2 /* CalculadoraUITests.swift in Sources */,
			);
			runOnlyForDeploymentPostprocessing = 0;
		};
/* End PBXSourcesBuildPhase section */

/* Begin PBXTargetDependency section */
		652C259622316636005D95C2 /* PBXTargetDependency */ = {
			isa = PBXTargetDependency;
			target = 652C257F22316634005D95C2 /* Calculadora */;
			targetProxy = 652C259522316636005D95C2 /* PBXContainerItemProxy */;
		};
		652C25A122316636005D95C2 /* PBXTargetDependency */ = {
			isa = PBXTargetDependency;
			target = 652C257F22316634005D95C2 /* Calculadora */;
			targetProxy = 652C25A022316636005D95C2 /* PBXContainerItemProxy */;
		};
/* End PBXTargetDependency section */

/* Begin PBXVariantGroup section */
		652C258722316634005D95C2 /* Main.storyboard */ = {
			isa = PBXVariantGroup;
			children = (
				652C258822316634005D95C2 /* Base */,
			);
			name = Main.storyboard;
			sourceTree = "<group>";
		};
		652C258C22316635005D95C2 /* LaunchScreen.storyboard */ = {
			isa = PBXVariantGroup;
			children = (
				652C258D22316635005D95C2 /* Base */,
			);
			name = LaunchScreen.storyboard;
			sourceTree = "<group>";
		};
/* End PBXVariantGroup section */

/* Begin XCBuildConfiguration section */
		652C25A622316636005D95C2 /* Debug */ = {
			isa = XCBuildConfiguration;
			buildSettings = {
				ALWAYS_SEARCH_USER_PATHS = NO;
				CLANG_ANALYZER_NONNULL = YES;
				CLANG_ANALYZER_NUMBER_OBJECT_CONVERSION = YES_AGGRESSIVE;
				CLANG_CXX_LANGUAGE_STANDARD = "gnu++14";
				CLANG_CXX_LIBRARY = "libc++";
				CLANG_ENABLE_MODULES = YES;
				CLANG_ENABLE_OBJC_ARC = YES;
				CLANG_ENABLE_OBJC_WEAK = YES;
				CLANG_WARN_BLOCK_CAPTURE_AUTORELEASING = YES;
				CLANG_WARN_BOOL_CONVERSION = YES;
				CLANG_WARN_COMMA = YES;
				CLANG_WARN_CONSTANT_CONVERSION = YES;
				CLANG_WARN_DEPRECATED_OBJC_IMPLEMENTATIONS = YES;
				CLANG_WARN_DIRECT_OBJC_ISA_USAGE = YES_ERROR;
				CLANG_WARN_DOCUMENTATION_COMMENTS = YES;
				CLANG_WARN_EMPTY_BODY = YES;
				CLANG_WARN_ENUM_CONVERSION = YES;
				CLANG_WARN_INFINITE_RECURSION = YES;
				CLANG_WARN_INT_CONVERSION = YES;
				CLANG_WARN_NON_LITERAL_NULL_CONVERSION = YES;
				CLANG_WARN_OBJC_IMPLICIT_RETAIN_SELF = YES;
				CLANG_WARN_OBJC_LITERAL_CONVERSION = YES;
				CLANG_WARN_OBJC_ROOT_CLASS = YES_ERROR;
				CLANG_WARN_RANGE_LOOP_ANALYSIS = YES;
				CLANG_WARN_STRICT_PROTOTYPES = YES;
				CLANG_WARN_SUSPICIOUS_MOVE = YES;
				CLANG_WARN_UNGUARDED_AVAILABILITY = YES_AGGRESSIVE;
				CLANG_WARN_UNREACHABLE_CODE = YES;
				CLANG_WARN__DUPLICATE_METHOD_MATCH = YES;
				CODE_SIGN_IDENTITY = "iPhone Developer";
				COPY_PHASE_STRIP = NO;
				DEBUG_INFORMATION_FORMAT = dwarf;
				ENABLE_STRICT_OBJC_MSGSEND = YES;
				ENABLE_TESTABILITY = YES;
				GCC_C_LANGUAGE_STANDARD = gnu11;
				GCC_DYNAMIC_NO_PIC = NO;
				GCC_NO_COMMON_BLOCKS = YES;
				GCC_OPTIMIZATION_LEVEL = 0;
				GCC_PREPROCESSOR_DEFINITIONS = (
					"DEBUG=1",
					"$(inherited)",
				);
				GCC_WARN_64_TO_32_BIT_CONVERSION = YES;
				GCC_WARN_ABOUT_RETURN_TYPE = YES_ERROR;
				GCC_WARN_UNDECLARED_SELECTOR = YES;
				GCC_WARN_UNINITIALIZED_AUTOS = YES_AGGRESSIVE;
				GCC_WARN_UNUSED_FUNCTION = YES;
				GCC_WARN_UNUSED_VARIABLE = YES;
				IPHONEOS_DEPLOYMENT_TARGET = 12.1;
				MTL_ENABLE_DEBUG_INFO = INCLUDE_SOURCE;
				MTL_FAST_MATH = YES;
				ONLY_ACTIVE_ARCH = YES;
				SDKROOT = iphoneos;
				SWIFT_ACTIVE_COMPILATION_CONDITIONS = DEBUG;
				SWIFT_OPTIMIZATION_LEVEL = "-Onone";
			};
			name = Debug;
		};
		652C25A722316636005D95C2 /* Release */ = {
			isa = XCBuildConfiguration;
			buildSettings = {
				ALWAYS_SEARCH_USER_PATHS = NO;
				CLANG_ANALYZER_NONNULL = YES;
				CLANG_ANALYZER_NUMBER_OBJECT_CONVERSION = YES_AGGRESSIVE;
				CLANG_CXX_LANGUAGE_STANDARD = "gnu++14";
				CLANG_CXX_LIBRARY = "libc++";
				CLANG_ENABLE_MODULES = YES;
				CLANG_ENABLE_OBJC_ARC = YES;
				CLANG_ENABLE_OBJC_WEAK = YES;
				CLANG_WARN_BLOCK_CAPTURE_AUTORELEASING = YES;
				CLANG_WARN_BOOL_CONVERSION = YES;
				CLANG_WARN_COMMA = YES;
				CLANG_WARN_CONSTANT_CONVERSION = YES;
				CLANG_WARN_DEPRECATED_OBJC_IMPLEMENTATIONS = YES;
				CLANG_WARN_DIRECT_OBJC_ISA_USAGE = YES_ERROR;
				CLANG_WARN_DOCUMENTATION_COMMENTS = YES;
				CLANG_WARN_EMPTY_BODY = YES;
				CLANG_WARN_ENUM_CONVERSION = YES;
				CLANG_WARN_INFINITE_RECURSION = YES;
				CLANG_WARN_INT_CONVERSION = YES;
				CLANG_WARN_NON_LITERAL_NULL_CONVERSION = YES;
				CLANG_WARN_OBJC_IMPLICIT_RETAIN_SELF = YES;
				CLANG_WARN_OBJC_LITERAL_CONVERSION = YES;
				CLANG_WARN_OBJC_ROOT_CLASS = YES_ERROR;
				CLANG_WARN_RANGE_LOOP_ANALYSIS = YES;
				CLANG_WARN_STRICT_PROTOTYPES = YES;
				CLANG_WARN_SUSPICIOUS_MOVE = YES;
				CLANG_WARN_UNGUARDED_AVAILABILITY = YES_AGGRESSIVE;
				CLANG_WARN_UNREACHABLE_CODE = YES;
				CLANG_WARN__DUPLICATE_METHOD_MATCH = YES;
				CODE_SIGN_IDENTITY = "iPhone Developer";
				COPY_PHASE_STRIP = NO;
				DEBUG_INFORMATION_FORMAT = "dwarf-with-dsym";
				ENABLE_NS_ASSERTIONS = NO;
				ENABLE_STRICT_OBJC_MSGSEND = YES;
				GCC_C_LANGUAGE_STANDARD = gnu11;
				GCC_NO_COMMON_BLOCKS = YES;
				GCC_WARN_64_TO_32_BIT_CONVERSION = YES;
				GCC_WARN_ABOUT_RETURN_TYPE = YES_ERROR;
				GCC_WARN_UNDECLARED_SELECTOR = YES;
				GCC_WARN_UNINITIALIZED_AUTOS = YES_AGGRESSIVE;
				GCC_WARN_UNUSED_FUNCTION = YES;
				GCC_WARN_UNUSED_VARIABLE = YES;
				IPHONEOS_DEPLOYMENT_TARGET = 12.1;
				MTL_ENABLE_DEBUG_INFO = NO;
				MTL_FAST_MATH = YES;
				SDKROOT = iphoneos;
				SWIFT_COMPILATION_MODE = wholemodule;
				SWIFT_OPTIMIZATION_LEVEL = "-O";
				VALIDATE_PRODUCT = YES;
			};
			name = Release;
		};
		652C25A922316636005D95C2 /* Debug */ = {
			isa = XCBuildConfiguration;
			buildSettings = {
				ASSETCATALOG_COMPILER_APPICON_NAME = AppIcon;
				CODE_SIGN_STYLE = Automatic;
				INFOPLIST_FILE = Calculadora/Info.plist;
				LD_RUNPATH_SEARCH_PATHS = (
					"$(inherited)",
					"@executable_path/Frameworks",
				);
				PRODUCT_BUNDLE_IDENTIFIER = br.com.andreguedes.Calculadora;
				PRODUCT_NAME = "$(TARGET_NAME)";
				SWIFT_VERSION = 4.2;
				TARGETED_DEVICE_FAMILY = "1,2";
			};
			name = Debug;
		};
		652C25AA22316636005D95C2 /* Release */ = {
			isa = XCBuildConfiguration;
			buildSettings = {
				ASSETCATALOG_COMPILER_APPICON_NAME = AppIcon;
				CODE_SIGN_STYLE = Automatic;
				INFOPLIST_FILE = Calculadora/Info.plist;
				LD_RUNPATH_SEARCH_PATHS = (
					"$(inherited)",
					"@executable_path/Frameworks",
				);
				PRODUCT_BUNDLE_IDENTIFIER = br.com.andreguedes.Calculadora;
				PRODUCT_NAME = "$(TARGET_NAME)";
				SWIFT_VERSION = 4.2;
				TARGETED_DEVICE_FAMILY = "1,2";
			};
			name = Release;
		};
		652C25AC22316636005D95C2 /* Debug */ = {
			isa = XCBuildConfiguration;
			buildSettings = {
				ALWAYS_EMBED_SWIFT_STANDARD_LIBRARIES = YES;
				BUNDLE_LOADER = "$(TEST_HOST)";
				CODE_SIGN_STYLE = Automatic;
				INFOPLIST_FILE = CalculadoraTests/Info.plist;
				LD_RUNPATH_SEARCH_PATHS = (
					"$(inherited)",
					"@executable_path/Frameworks",
					"@loader_path/Frameworks",
				);
				PRODUCT_BUNDLE_IDENTIFIER = br.com.andreguedes.CalculadoraTests;
				PRODUCT_NAME = "$(TARGET_NAME)";
				SWIFT_VERSION = 4.2;
				TARGETED_DEVICE_FAMILY = "1,2";
				TEST_HOST = "$(BUILT_PRODUCTS_DIR)/Calculadora.app/Calculadora";
			};
			name = Debug;
		};
		652C25AD22316636005D95C2 /* Release */ = {
			isa = XCBuildConfiguration;
			buildSettings = {
				ALWAYS_EMBED_SWIFT_STANDARD_LIBRARIES = YES;
				BUNDLE_LOADER = "$(TEST_HOST)";
				CODE_SIGN_STYLE = Automatic;
				INFOPLIST_FILE = CalculadoraTests/Info.plist;
				LD_RUNPATH_SEARCH_PATHS = (
					"$(inherited)",
					"@executable_path/Frameworks",
					"@loader_path/Frameworks",
				);
				PRODUCT_BUNDLE_IDENTIFIER = br.com.andreguedes.CalculadoraTests;
				PRODUCT_NAME = "$(TARGET_NAME)";
				SWIFT_VERSION = 4.2;
				TARGETED_DEVICE_FAMILY = "1,2";
				TEST_HOST = "$(BUILT_PRODUCTS_DIR)/Calculadora.app/Calculadora";
			};
			name = Release;
		};
		652C25AF22316636005D95C2 /* Debug */ = {
			isa = XCBuildConfiguration;
			buildSettings = {
				ALWAYS_EMBED_SWIFT_STANDARD_LIBRARIES = YES;
				CODE_SIGN_STYLE = Automatic;
				INFOPLIST_FILE = CalculadoraUITests/Info.plist;
				LD_RUNPATH_SEARCH_PATHS = (
					"$(inherited)",
					"@executable_path/Frameworks",
					"@loader_path/Frameworks",
				);
				PRODUCT_BUNDLE_IDENTIFIER = br.com.andreguedes.CalculadoraUITests;
				PRODUCT_NAME = "$(TARGET_NAME)";
				SWIFT_VERSION = 4.2;
				TARGETED_DEVICE_FAMILY = "1,2";
				TEST_TARGET_NAME = Calculadora;
			};
			name = Debug;
		};
		652C25B022316636005D95C2 /* Release */ = {
			isa = XCBuildConfiguration;
			buildSettings = {
				ALWAYS_EMBED_SWIFT_STANDARD_LIBRARIES = YES;
				CODE_SIGN_STYLE = Automatic;
				INFOPLIST_FILE = CalculadoraUITests/Info.plist;
				LD_RUNPATH_SEARCH_PATHS = (
					"$(inherited)",
					"@executable_path/Frameworks",
					"@loader_path/Frameworks",
				);
				PRODUCT_BUNDLE_IDENTIFIER = br.com.andreguedes.CalculadoraUITests;
				PRODUCT_NAME = "$(TARGET_NAME)";
				SWIFT_VERSION = 4.2;
				TARGETED_DEVICE_FAMILY = "1,2";
				TEST_TARGET_NAME = Calculadora;
			};
			name = Release;
		};
/* End XCBuildConfiguration section */

/* Begin XCConfigurationList section */
		652C257B22316634005D95C2 /* Build configuration list for PBXProject "Calculadora" */ = {
			isa = XCConfigurationList;
			buildConfigurations = (
				652C25A622316636005D95C2 /* Debug */,
				652C25A722316636005D95C2 /* Release */,
			);
			defaultConfigurationIsVisible = 0;
			defaultConfigurationName = Release;
		};
		652C25A822316636005D95C2 /* Build configuration list for PBXNativeTarget "Calculadora" */ = {
			isa = XCConfigurationList;
			buildConfigurations = (
				652C25A922316636005D95C2 /* Debug */,
				652C25AA22316636005D95C2 /* Release */,
			);
			defaultConfigurationIsVisible = 0;
			defaultConfigurationName = Release;
		};
		652C25AB22316636005D95C2 /* Build configuration list for PBXNativeTarget "CalculadoraTests" */ = {
			isa = XCConfigurationList;
			buildConfigurations = (
				652C25AC22316636005D95C2 /* Debug */,
				652C25AD22316636005D95C2 /* Release */,
			);
			defaultConfigurationIsVisible = 0;
			defaultConfigurationName = Release;
		};
		652C25AE22316636005D95C2 /* Build configuration list for PBXNativeTarget "CalculadoraUITests" */ = {
			isa = XCConfigurationList;
			buildConfigurations = (
				652C25AF22316636005D95C2 /* Debug */,
				652C25B022316636005D95C2 /* Release */,
			);
			defaultConfigurationIsVisible = 0;
			defaultConfigurationName = Release;
		};
/* End XCConfigurationList section */
	};
	rootObject = 652C257822316634005D95C2 /* Project object */;
}
